
Microsoft Visual Studio Solution File, Format Version 12.00
# Visual Studio Version 17
VisualStudioVersion = 17.11.35312.102
MinimumVisualStudioVersion = 10.0.40219.1
Project("{FAE04EC0-301F-11D3-BF4B-00C04F79EFBC}") = "JogoDaVelha", "JogoDaVelha\JogoDaVelha.csproj", "{F697004F-78B3-4209-96AD-A073B74DAA27}"
EndProject
Global
	GlobalSection(SolutionConfigurationPlatforms) = preSolution
		Debug|Any CPU = Debug|Any CPU
		Release|Any CPU = Release|Any CPU
	EndGlobalSection
	GlobalSection(ProjectConfigurationPlatforms) = postSolution
		{F697004F-78B3-4209-96AD-A073B74DAA27}.Debug|Any CPU.ActiveCfg = Debug|Any CPU
		{F697004F-78B3-4209-96AD-A073B74DAA27}.Debug|Any CPU.Build.0 = Debug|Any CPU
		{F697004F-78B3-4209-96AD-A073B74DAA27}.Debug|Any CPU.Deploy.0 = Debug|Any CPU
		{F697004F-78B3-4209-96AD-A073B74DAA27}.Release|Any CPU.ActiveCfg = Release|Any CPU
		{F697004F-78B3-4209-96AD-A073B74DAA27}.Release|Any CPU.Build.0 = Release|Any CPU
		{F697004F-78B3-4209-96AD-A073B74DAA27}.Release|Any CPU.Deploy.0 = Release|Any CPU
	EndGlobalSection
	GlobalSection(SolutionProperties) = preSolution
		HideSolutionNode = FALSE
	EndGlobalSection
	GlobalSection(ExtensibilityGlobals) = postSolution
		SolutionGuid = {4CD0E5C9-72ED-4DE8-9B6B-33E449430639}
	EndGlobalSection
EndGlobal
